
Microsoft Visual Studio Solution File, Format Version 12.00
# Visual Studio Version 17
VisualStudioVersion = 17.6.33801.468
MinimumVisualStudioVersion = 10.0.40219.1
Project("{9A19103F-16F7-4668-BE54-9A1E7A4F7556}") = "EmployeeManagement.API", "EmployeeManagement\EmployeeManagement.API.csproj", "{54C6AA23-1B41-45E9-9C37-D922058A3B17}"
EndProject
Project("{FAE04EC0-301F-11D3-BF4B-00C04F79EFBC}") = "EmployeeManagement.BusinessLogic", "EmployeeManagement.BusinessLogic\EmployeeManagement.BusinessLogic.csproj", "{0CC7CB78-DD53-41E8-8F5A-CC044F502AE6}"
EndProject
Project("{FAE04EC0-301F-11D3-BF4B-00C04F79EFBC}") = "EmployeeManagement.DataAccess", "EmployeeManagement.DataAccess\EmployeeManagement.DataAccess.csproj", "{552D76FE-16D6-4AB5-9D26-15A6BC5FFBE4}"
EndProject
Project("{FAE04EC0-301F-11D3-BF4B-00C04F79EFBC}") = "EmployeeManagement.Models", "EmployeeManagement.Models\EmployeeManagement.Models.csproj", "{285947BC-FD48-48FD-AAE6-4A80A13F1C90}"
EndProject
Global
	GlobalSection(SolutionConfigurationPlatforms) = preSolution
		Debug|Any CPU = Debug|Any CPU
		Release|Any CPU = Release|Any CPU
	EndGlobalSection
	GlobalSection(ProjectConfigurationPlatforms) = postSolution
		{54C6AA23-1B41-45E9-9C37-D922058A3B17}.Debug|Any CPU.ActiveCfg = Debug|Any CPU
		{54C6AA23-1B41-45E9-9C37-D922058A3B17}.Debug|Any CPU.Build.0 = Debug|Any CPU
		{54C6AA23-1B41-45E9-9C37-D922058A3B17}.Release|Any CPU.ActiveCfg = Release|Any CPU
		{54C6AA23-1B41-45E9-9C37-D922058A3B17}.Release|Any CPU.Build.0 = Release|Any CPU
		{0CC7CB78-DD53-41E8-8F5A-CC044F502AE6}.Debug|Any CPU.ActiveCfg = Debug|Any CPU
		{0CC7CB78-DD53-41E8-8F5A-CC044F502AE6}.Debug|Any CPU.Build.0 = Debug|Any CPU
		{0CC7CB78-DD53-41E8-8F5A-CC044F502AE6}.Release|Any CPU.ActiveCfg = Release|Any CPU
		{0CC7CB78-DD53-41E8-8F5A-CC044F502AE6}.Release|Any CPU.Build.0 = Release|Any CPU
		{552D76FE-16D6-4AB5-9D26-15A6BC5FFBE4}.Debug|Any CPU.ActiveCfg = Debug|Any CPU
		{552D76FE-16D6-4AB5-9D26-15A6BC5FFBE4}.Debug|Any CPU.Build.0 = Debug|Any CPU
		{552D76FE-16D6-4AB5-9D26-15A6BC5FFBE4}.Release|Any CPU.ActiveCfg = Release|Any CPU
		{552D76FE-16D6-4AB5-9D26-15A6BC5FFBE4}.Release|Any CPU.Build.0 = Release|Any CPU
		{285947BC-FD48-48FD-AAE6-4A80A13F1C90}.Debug|Any CPU.ActiveCfg = Debug|Any CPU
		{285947BC-FD48-48FD-AAE6-4A80A13F1C90}.Debug|Any CPU.Build.0 = Debug|Any CPU
		{285947BC-FD48-48FD-AAE6-4A80A13F1C90}.Release|Any CPU.ActiveCfg = Release|Any CPU
		{285947BC-FD48-48FD-AAE6-4A80A13F1C90}.Release|Any CPU.Build.0 = Release|Any CPU
	EndGlobalSection
	GlobalSection(SolutionProperties) = preSolution
		HideSolutionNode = FALSE
	EndGlobalSection
	GlobalSection(ExtensibilityGlobals) = postSolution
		SolutionGuid = {374D12ED-968C-4E15-8CF4-B1CFD05969B8}
	EndGlobalSection
EndGlobal
